
Microsoft Visual Studio Solution File, Format Version 12.00
# Visual Studio 15
VisualStudioVersion = 15.0.28307.329
MinimumVisualStudioVersion = 10.0.40219.1
Project("{9A19103F-16F7-4668-BE54-9A1E7A4F7556}") = "DojoDDD.Api", "src\DojoDDD.Api\DojoDDD.Api.csproj", "{DCDDFC2F-A55A-40B1-9E1F-86BD4F08CACD}"
EndProject
Project("{2150E333-8FDC-42A3-9474-1A3956D46DE8}") = "Solution Items", "Solution Items", "{39CF43C0-6791-43B4-8D78-4EB551AFB977}"
	ProjectSection(SolutionItems) = preProject
		.gitattributes = .gitattributes
		.gitignore = .gitignore
	EndProjectSection
EndProject
Global
	GlobalSection(SolutionConfigurationPlatforms) = preSolution
		Debug|Any CPU = Debug|Any CPU
		Release|Any CPU = Release|Any CPU
	EndGlobalSection
	GlobalSection(ProjectConfigurationPlatforms) = postSolution
		{DCDDFC2F-A55A-40B1-9E1F-86BD4F08CACD}.Debug|Any CPU.ActiveCfg = Debug|Any CPU
		{DCDDFC2F-A55A-40B1-9E1F-86BD4F08CACD}.Debug|Any CPU.Build.0 = Debug|Any CPU
		{DCDDFC2F-A55A-40B1-9E1F-86BD4F08CACD}.Release|Any CPU.ActiveCfg = Release|Any CPU
		{DCDDFC2F-A55A-40B1-9E1F-86BD4F08CACD}.Release|Any CPU.Build.0 = Release|Any CPU
	EndGlobalSection
	GlobalSection(SolutionProperties) = preSolution
		HideSolutionNode = FALSE
	EndGlobalSection
	GlobalSection(ExtensibilityGlobals) = postSolution
		SolutionGuid = {DB980C48-43EA-4E1B-90DD-096A92959D81}
	EndGlobalSection
EndGlobal
